// !$*UTF8*$!
{
	archiveVersion = 1;
	classes = {
	};
	objectVersion = 56;
	objects = {

/* Begin PBXBuildFile section */
		5A14E1682E4EDD05005D5604 /* HumanoidRobotApp.swift in Sources */ = {isa = PBXBuildFile; fileRef = 5A14E1672E4EDD05005D5604 /* HumanoidRobotApp.swift */; };
		5A14E16A2E4EDD05005D5604 /* ContentView.swift in Sources */ = {isa = PBXBuildFile; fileRef = 5A14E1692E4EDD05005D5604 /* ContentView.swift */; };
		5A14E16C2E4EDD07005D5604 /* Assets.xcassets in Resources */ = {isa = PBXBuildFile; fileRef = 5A14E16B2E4EDD07005D5604 /* Assets.xcassets */; };
		5A14E16F2E4EDD07005D5604 /* Preview Assets.xcassets in Resources */ = {isa = PBXBuildFile; fileRef = 5A14E16E2E4EDD07005D5604 /* Preview Assets.xcassets */; };
		5A14E1792E4EDD07005D5604 /* HumanoidRobotTests.swift in Sources */ = {isa = PBXBuildFile; fileRef = 5A14E1782E4EDD07005D5604 /* HumanoidRobotTests.swift */; };
		5A14E1832E4EDD07005D5604 /* HumanoidRobotUITests.swift in Sources */ = {isa = PBXBuildFile; fileRef = 5A14E1822E4EDD07005D5604 /* HumanoidRobotUITests.swift */; };
		5A14E1852E4EDD07005D5604 /* HumanoidRobotUITestsLaunchTests.swift in Sources */ = {isa = PBXBuildFile; fileRef = 5A14E1842E4EDD07005D5604 /* HumanoidRobotUITestsLaunchTests.swift */; };
/* End PBXBuildFile section */

/* Begin PBXContainerItemProxy section */
		5A14E1752E4EDD07005D5604 /* PBXContainerItemProxy */ = {
			isa = PBXContainerItemProxy;
			containerPortal = 5A14E15C2E4EDD05005D5604 /* Project object */;
			proxyType = 1;
			remoteGlobalIDString = 5A14E1632E4EDD05005D5604;
			remoteInfo = HumanoidRobot;
		};
		5A14E17F2E4EDD07005D5604 /* PBXContainerItemProxy */ = {
			isa = PBXContainerItemProxy;
			containerPortal = 5A14E15C2E4EDD05005D5604 /* Project object */;
			proxyType = 1;
			remoteGlobalIDString = 5A14E1632E4EDD05005D5604;
			remoteInfo = HumanoidRobot;
		};
/* End PBXContainerItemProxy section */

/* Begin PBXFileReference section */
		5A14E1642E4EDD05005D5604 /* HumanoidRobot.app */ = {isa = PBXFileReference; explicitFileType = wrapper.application; includeInIndex = 0; path = HumanoidRobot.app; sourceTree = BUILT_PRODUCTS_DIR; };
		5A14E1672E4EDD05005D5604 /* HumanoidRobotApp.swift */ = {isa = PBXFileReference; lastKnownFileType = sourcecode.swift; path = HumanoidRobotApp.swift; sourceTree = "<group>"; };
		5A14E1692E4EDD05005D5604 /* ContentView.swift */ = {isa = PBXFileReference; lastKnownFileType = sourcecode.swift; path = ContentView.swift; sourceTree = "<group>"; };
		5A14E16B2E4EDD07005D5604 /* Assets.xcassets */ = {isa = PBXFileReference; lastKnownFileType = folder.assetcatalog; path = Assets.xcassets; sourceTree = "<group>"; };
		5A14E16E2E4EDD07005D5604 /* Preview Assets.xcassets */ = {isa = PBXFileReference; lastKnownFileType = folder.assetcatalog; path = "Preview Assets.xcassets"; sourceTree = "<group>"; };
		5A14E1742E4EDD07005D5604 /* HumanoidRobotTests.xctest */ = {isa = PBXFileReference; explicitFileType = wrapper.cfbundle; includeInIndex = 0; path = HumanoidRobotTests.xctest; sourceTree = BUILT_PRODUCTS_DIR; };
		5A14E1782E4EDD07005D5604 /* HumanoidRobotTests.swift */ = {isa = PBXFileReference; lastKnownFileType = sourcecode.swift; path = HumanoidRobotTests.swift; sourceTree = "<group>"; };
		5A14E17E2E4EDD07005D5604 /* HumanoidRobotUITests.xctest */ = {isa = PBXFileReference; explicitFileType = wrapper.cfbundle; includeInIndex = 0; path = HumanoidRobotUITests.xctest; sourceTree = BUILT_PRODUCTS_DIR; };
		5A14E1822E4EDD07005D5604 /* HumanoidRobotUITests.swift */ = {isa = PBXFileReference; lastKnownFileType = sourcecode.swift; path = HumanoidRobotUITests.swift; sourceTree = "<group>"; };
		5A14E1842E4EDD07005D5604 /* HumanoidRobotUITestsLaunchTests.swift */ = {isa = PBXFileReference; lastKnownFileType = sourcecode.swift; path = HumanoidRobotUITestsLaunchTests.swift; sourceTree = "<group>"; };
/* End PBXFileReference section */

/* Begin PBXFrameworksBuildPhase section */
		5A14E1612E4EDD05005D5604 /* Frameworks */ = {
			isa = PBXFrameworksBuildPhase;
			buildActionMask = 2147483647;
			files = (
			);
			runOnlyForDeploymentPostprocessing = 0;
		};
		5A14E1712E4EDD07005D5604 /* Frameworks */ = {
			isa = PBXFrameworksBuildPhase;
			buildActionMask = 2147483647;
			files = (
			);
			runOnlyForDeploymentPostprocessing = 0;
		};
		5A14E17B2E4EDD07005D5604 /* Frameworks */ = {
			isa = PBXFrameworksBuildPhase;
			buildActionMask = 2147483647;
			files = (
			);
			runOnlyForDeploymentPostprocessing = 0;
		};
/* End PBXFrameworksBuildPhase section */

/* Begin PBXGroup section */
		5A14E15B2E4EDD05005D5604 = {
			isa = PBXGroup;
			children = (
				5A14E1662E4EDD05005D5604 /* HumanoidRobot */,
				5A14E1772E4EDD07005D5604 /* HumanoidRobotTests */,
				5A14E1812E4EDD07005D5604 /* HumanoidRobotUITests */,
				5A14E1652E4EDD05005D5604 /* Products */,
			);
			sourceTree = "<group>";
		};
		5A14E1652E4EDD05005D5604 /* Products */ = {
			isa = PBXGroup;
			children = (
				5A14E1642E4EDD05005D5604 /* HumanoidRobot.app */,
				5A14E1742E4EDD07005D5604 /* HumanoidRobotTests.xctest */,
				5A14E17E2E4EDD07005D5604 /* HumanoidRobotUITests.xctest */,
			);
			name = Products;
			sourceTree = "<group>";
		};
		5A14E1662E4EDD05005D5604 /* HumanoidRobot */ = {
			isa = PBXGroup;
			children = (
				5A14E1672E4EDD05005D5604 /* HumanoidRobotApp.swift */,
				5A14E1692E4EDD05005D5604 /* ContentView.swift */,
				5A14E16B2E4EDD07005D5604 /* Assets.xcassets */,
				5A14E16D2E4EDD07005D5604 /* Preview Content */,
			);
			path = HumanoidRobot;
			sourceTree = "<group>";
		};
		5A14E16D2E4EDD07005D5604 /* Preview Content */ = {
			isa = PBXGroup;
			children = (
				5A14E16E2E4EDD07005D5604 /* Preview Assets.xcassets */,
			);
			path = "Preview Content";
			sourceTree = "<group>";
		};
		5A14E1772E4EDD07005D5604 /* HumanoidRobotTests */ = {
			isa = PBXGroup;
			children = (
				5A14E1782E4EDD07005D5604 /* HumanoidRobotTests.swift */,
			);
			path = HumanoidRobotTests;
			sourceTree = "<group>";
		};
		5A14E1812E4EDD07005D5604 /* HumanoidRobotUITests */ = {
			isa = PBXGroup;
			children = (
				5A14E1822E4EDD07005D5604 /* HumanoidRobotUITests.swift */,
				5A14E1842E4EDD07005D5604 /* HumanoidRobotUITestsLaunchTests.swift */,
			);
			path = HumanoidRobotUITests;
			sourceTree = "<group>";
		};
/* End PBXGroup section */

/* Begin PBXNativeTarget section */
		5A14E1632E4EDD05005D5604 /* HumanoidRobot */ = {
			isa = PBXNativeTarget;
			buildConfigurationList = 5A14E1882E4EDD07005D5604 /* Build configuration list for PBXNativeTarget "HumanoidRobot" */;
			buildPhases = (
				5A14E1602E4EDD05005D5604 /* Sources */,
				5A14E1612E4EDD05005D5604 /* Frameworks */,
				5A14E1622E4EDD05005D5604 /* Resources */,
			);
			buildRules = (
			);
			dependencies = (
			);
			name = HumanoidRobot;
			productName = HumanoidRobot;
			productReference = 5A14E1642E4EDD05005D5604 /* HumanoidRobot.app */;
			productType = "com.apple.product-type.application";
		};
		5A14E1732E4EDD07005D5604 /* HumanoidRobotTests */ = {
			isa = PBXNativeTarget;
			buildConfigurationList = 5A14E18B2E4EDD07005D5604 /* Build configuration list for PBXNativeTarget "HumanoidRobotTests" */;
			buildPhases = (
				5A14E1702E4EDD07005D5604 /* Sources */,
				5A14E1712E4EDD07005D5604 /* Frameworks */,
				5A14E1722E4EDD07005D5604 /* Resources */,
			);
			buildRules = (
			);
			dependencies = (
				5A14E1762E4EDD07005D5604 /* PBXTargetDependency */,
			);
			name = HumanoidRobotTests;
			productName = HumanoidRobotTests;
			productReference = 5A14E1742E4EDD07005D5604 /* HumanoidRobotTests.xctest */;
			productType = "com.apple.product-type.bundle.unit-test";
		};
		5A14E17D2E4EDD07005D5604 /* HumanoidRobotUITests */ = {
			isa = PBXNativeTarget;
			buildConfigurationList = 5A14E18E2E4EDD07005D5604 /* Build configuration list for PBXNativeTarget "HumanoidRobotUITests" */;
			buildPhases = (
				5A14E17A2E4EDD07005D5604 /* Sources */,
				5A14E17B2E4EDD07005D5604 /* Frameworks */,
				5A14E17C2E4EDD07005D5604 /* Resources */,
			);
			buildRules = (
			);
			dependencies = (
				5A14E1802E4EDD07005D5604 /* PBXTargetDependency */,
			);
			name = HumanoidRobotUITests;
			productName = HumanoidRobotUITests;
			productReference = 5A14E17E2E4EDD07005D5604 /* HumanoidRobotUITests.xctest */;
			productType = "com.apple.product-type.bundle.ui-testing";
		};
/* End PBXNativeTarget section */

/* Begin PBXProject section */
		5A14E15C2E4EDD05005D5604 /* Project object */ = {
			isa = PBXProject;
			attributes = {
				BuildIndependentTargetsInParallel = 1;
				LastSwiftUpdateCheck = 1430;
				LastUpgradeCheck = 1430;
				TargetAttributes = {
					5A14E1632E4EDD05005D5604 = {
						CreatedOnToolsVersion = 14.3.1;
					};
					5A14E1732E4EDD07005D5604 = {
						CreatedOnToolsVersion = 14.3.1;
						TestTargetID = 5A14E1632E4EDD05005D5604;
					};
					5A14E17D2E4EDD07005D5604 = {
						CreatedOnToolsVersion = 14.3.1;
						TestTargetID = 5A14E1632E4EDD05005D5604;
					};
				};
			};
			buildConfigurationList = 5A14E15F2E4EDD05005D5604 /* Build configuration list for PBXProject "HumanoidRobot" */;
			compatibilityVersion = "Xcode 14.0";
			developmentRegion = en;
			hasScannedForEncodings = 0;
			knownRegions = (
				en,
				Base,
			);
			mainGroup = 5A14E15B2E4EDD05005D5604;
			productRefGroup = 5A14E1652E4EDD05005D5604 /* Products */;
			projectDirPath = "";
			projectRoot = "";
			targets = (
				5A14E1632E4EDD05005D5604 /* HumanoidRobot */,
				5A14E1732E4EDD07005D5604 /* HumanoidRobotTests */,
				5A14E17D2E4EDD07005D5604 /* HumanoidRobotUITests */,
			);
		};
/* End PBXProject section */

/* Begin PBXResourcesBuildPhase section */
		5A14E1622E4EDD05005D5604 /* Resources */ = {
			isa = PBXResourcesBuildPhase;
			buildActionMask = 2147483647;
			files = (
				5A14E16F2E4EDD07005D5604 /* Preview Assets.xcassets in Resources */,
				5A14E16C2E4EDD07005D5604 /* Assets.xcassets in Resources */,
			);
			runOnlyForDeploymentPostprocessing = 0;
		};
		5A14E1722E4EDD07005D5604 /* Resources */ = {
			isa = PBXResourcesBuildPhase;
			buildActionMask = 2147483647;
			files = (
			);
			runOnlyForDeploymentPostprocessing = 0;
		};
		5A14E17C2E4EDD07005D5604 /* Resources */ = {
			isa = PBXResourcesBuildPhase;
			buildActionMask = 2147483647;
			files = (
			);
			runOnlyForDeploymentPostprocessing = 0;
		};
/* End PBXResourcesBuildPhase section */

/* Begin PBXSourcesBuildPhase section */
		5A14E1602E4EDD05005D5604 /* Sources */ = {
			isa = PBXSourcesBuildPhase;
			buildActionMask = 2147483647;
			files = (
				5A14E16A2E4EDD05005D5604 /* ContentView.swift in Sources */,
				5A14E1682E4EDD05005D5604 /* HumanoidRobotApp.swift in Sources */,
			);
			runOnlyForDeploymentPostprocessing = 0;
		};
		5A14E1702E4EDD07005D5604 /* Sources */ = {
			isa = PBXSourcesBuildPhase;
			buildActionMask = 2147483647;
			files = (
				5A14E1792E4EDD07005D5604 /* HumanoidRobotTests.swift in Sources */,
			);
			runOnlyForDeploymentPostprocessing = 0;
		};
		5A14E17A2E4EDD07005D5604 /* Sources */ = {
			isa = PBXSourcesBuildPhase;
			buildActionMask = 2147483647;
			files = (
				5A14E1852E4EDD07005D5604 /* HumanoidRobotUITestsLaunchTests.swift in Sources */,
				5A14E1832E4EDD07005D5604 /* HumanoidRobotUITests.swift in Sources */,
			);
			runOnlyForDeploymentPostprocessing = 0;
		};
/* End PBXSourcesBuildPhase section */

/* Begin PBXTargetDependency section */
		5A14E1762E4EDD07005D5604 /* PBXTargetDependency */ = {
			isa = PBXTargetDependency;
			target = 5A14E1632E4EDD05005D5604 /* HumanoidRobot */;
			targetProxy = 5A14E1752E4EDD07005D5604 /* PBXContainerItemProxy */;
		};
		5A14E1802E4EDD07005D5604 /* PBXTargetDependency */ = {
			isa = PBXTargetDependency;
			target = 5A14E1632E4EDD05005D5604 /* HumanoidRobot */;
			targetProxy = 5A14E17F2E4EDD07005D5604 /* PBXContainerItemProxy */;
		};
/* End PBXTargetDependency section */

/* Begin XCBuildConfiguration section */
		5A14E1862E4EDD07005D5604 /* Debug */ = {
			isa = XCBuildConfiguration;
			buildSettings = {
				ALWAYS_SEARCH_USER_PATHS = NO;
				CLANG_ANALYZER_NONNULL = YES;
				CLANG_ANALYZER_NUMBER_OBJECT_CONVERSION = YES_AGGRESSIVE;
				CLANG_CXX_LANGUAGE_STANDARD = "gnu++20";
				CLANG_ENABLE_MODULES = YES;
				CLANG_ENABLE_OBJC_ARC = YES;
				CLANG_ENABLE_OBJC_WEAK = YES;
				CLANG_WARN_BLOCK_CAPTURE_AUTORELEASING = YES;
				CLANG_WARN_BOOL_CONVERSION = YES;
				CLANG_WARN_COMMA = YES;
				CLANG_WARN_CONSTANT_CONVERSION = YES;
				CLANG_WARN_DEPRECATED_OBJC_IMPLEMENTATIONS = YES;
				CLANG_WARN_DIRECT_OBJC_ISA_USAGE = YES_ERROR;
				CLANG_WARN_DOCUMENTATION_COMMENTS = YES;
				CLANG_WARN_EMPTY_BODY = YES;
				CLANG_WARN_ENUM_CONVERSION = YES;
				CLANG_WARN_INFINITE_RECURSION = YES;
				CLANG_WARN_INT_CONVERSION = YES;
				CLANG_WARN_NON_LITERAL_NULL_CONVERSION = YES;
				CLANG_WARN_OBJC_IMPLICIT_RETAIN_SELF = YES;
				CLANG_WARN_OBJC_LITERAL_CONVERSION = YES;
				CLANG_WARN_OBJC_ROOT_CLASS = YES_ERROR;
				CLANG_WARN_QUOTED_INCLUDE_IN_FRAMEWORK_HEADER = YES;
				CLANG_WARN_RANGE_LOOP_ANALYSIS = YES;
				CLANG_WARN_STRICT_PROTOTYPES = YES;
				CLANG_WARN_SUSPICIOUS_MOVE = YES;
				CLANG_WARN_UNGUARDED_AVAILABILITY = YES_AGGRESSIVE;
				CLANG_WARN_UNREACHABLE_CODE = YES;
				CLANG_WARN__DUPLICATE_METHOD_MATCH = YES;
				COPY_PHASE_STRIP = NO;
				DEBUG_INFORMATION_FORMAT = dwarf;
				ENABLE_STRICT_OBJC_MSGSEND = YES;
				ENABLE_TESTABILITY = YES;
				GCC_C_LANGUAGE_STANDARD = gnu11;
				GCC_DYNAMIC_NO_PIC = NO;
				GCC_NO_COMMON_BLOCKS = YES;
				GCC_OPTIMIZATION_LEVEL = 0;
				GCC_PREPROCESSOR_DEFINITIONS = (
					"DEBUG=1",
					"$(inherited)",
				);
				GCC_WARN_64_TO_32_BIT_CONVERSION = YES;
				GCC_WARN_ABOUT_RETURN_TYPE = YES_ERROR;
				GCC_WARN_UNDECLARED_SELECTOR = YES;
				GCC_WARN_UNINITIALIZED_AUTOS = YES_AGGRESSIVE;
				GCC_WARN_UNUSED_FUNCTION = YES;
				GCC_WARN_UNUSED_VARIABLE = YES;
				IPHONEOS_DEPLOYMENT_TARGET = 16.4;
				MTL_ENABLE_DEBUG_INFO = INCLUDE_SOURCE;
				MTL_FAST_MATH = YES;
				ONLY_ACTIVE_ARCH = YES;
				SDKROOT = iphoneos;
				SWIFT_ACTIVE_COMPILATION_CONDITIONS = DEBUG;
				SWIFT_OPTIMIZATION_LEVEL = "-Onone";
			};
			name = Debug;
		};
		5A14E1872E4EDD07005D5604 /* Release */ = {
			isa = XCBuildConfiguration;
			buildSettings = {
				ALWAYS_SEARCH_USER_PATHS = NO;
				CLANG_ANALYZER_NONNULL = YES;
				CLANG_ANALYZER_NUMBER_OBJECT_CONVERSION = YES_AGGRESSIVE;
				CLANG_CXX_LANGUAGE_STANDARD = "gnu++20";
				CLANG_ENABLE_MODULES = YES;
				CLANG_ENABLE_OBJC_ARC = YES;
				CLANG_ENABLE_OBJC_WEAK = YES;
				CLANG_WARN_BLOCK_CAPTURE_AUTORELEASING = YES;
				CLANG_WARN_BOOL_CONVERSION = YES;
				CLANG_WARN_COMMA = YES;
				CLANG_WARN_CONSTANT_CONVERSION = YES;
				CLANG_WARN_DEPRECATED_OBJC_IMPLEMENTATIONS = YES;
				CLANG_WARN_DIRECT_OBJC_ISA_USAGE = YES_ERROR;
				CLANG_WARN_DOCUMENTATION_COMMENTS = YES;
				CLANG_WARN_EMPTY_BODY = YES;
				CLANG_WARN_ENUM_CONVERSION = YES;
				CLANG_WARN_INFINITE_RECURSION = YES;
				CLANG_WARN_INT_CONVERSION = YES;
				CLANG_WARN_NON_LITERAL_NULL_CONVERSION = YES;
				CLANG_WARN_OBJC_IMPLICIT_RETAIN_SELF = YES;
				CLANG_WARN_OBJC_LITERAL_CONVERSION = YES;
				CLANG_WARN_OBJC_ROOT_CLASS = YES_ERROR;
				CLANG_WARN_QUOTED_INCLUDE_IN_FRAMEWORK_HEADER = YES;
				CLANG_WARN_RANGE_LOOP_ANALYSIS = YES;
				CLANG_WARN_STRICT_PROTOTYPES = YES;
				CLANG_WARN_SUSPICIOUS_MOVE = YES;
				CLANG_WARN_UNGUARDED_AVAILABILITY = YES_AGGRESSIVE;
				CLANG_WARN_UNREACHABLE_CODE = YES;
				CLANG_WARN__DUPLICATE_METHOD_MATCH = YES;
				COPY_PHASE_STRIP = NO;
				DEBUG_INFORMATION_FORMAT = "dwarf-with-dsym";
				ENABLE_NS_ASSERTIONS = NO;
				ENABLE_STRICT_OBJC_MSGSEND = YES;
				GCC_C_LANGUAGE_STANDARD = gnu11;
				GCC_NO_COMMON_BLOCKS = YES;
				GCC_WARN_64_TO_32_BIT_CONVERSION = YES;
				GCC_WARN_ABOUT_RETURN_TYPE = YES_ERROR;
				GCC_WARN_UNDECLARED_SELECTOR = YES;
				GCC_WARN_UNINITIALIZED_AUTOS = YES_AGGRESSIVE;
				GCC_WARN_UNUSED_FUNCTION = YES;
				GCC_WARN_UNUSED_VARIABLE = YES;
				IPHONEOS_DEPLOYMENT_TARGET = 16.4;
				MTL_ENABLE_DEBUG_INFO = NO;
				MTL_FAST_MATH = YES;
				SDKROOT = iphoneos;
				SWIFT_COMPILATION_MODE = wholemodule;
				SWIFT_OPTIMIZATION_LEVEL = "-O";
				VALIDATE_PRODUCT = YES;
			};
			name = Release;
		};
		5A14E1892E4EDD07005D5604 /* Debug */ = {
			isa = XCBuildConfiguration;
			buildSettings = {
				ASSETCATALOG_COMPILER_APPICON_NAME = AppIcon;
				ASSETCATALOG_COMPILER_GLOBAL_ACCENT_COLOR_NAME = AccentColor;
				CODE_SIGN_STYLE = Automatic;
				CURRENT_PROJECT_VERSION = 1;
				DEVELOPMENT_ASSET_PATHS = "\"HumanoidRobot/Preview Content\"";
				ENABLE_PREVIEWS = YES;
				GENERATE_INFOPLIST_FILE = YES;
				INFOPLIST_KEY_UIApplicationSceneManifest_Generation = YES;
				INFOPLIST_KEY_UIApplicationSupportsIndirectInputEvents = YES;
				INFOPLIST_KEY_UILaunchScreen_Generation = YES;
				INFOPLIST_KEY_UISupportedInterfaceOrientations_iPad = "UIInterfaceOrientationPortrait UIInterfaceOrientationPortraitUpsideDown UIInterfaceOrientationLandscapeLeft UIInterfaceOrientationLandscapeRight";
				INFOPLIST_KEY_UISupportedInterfaceOrientations_iPhone = "UIInterfaceOrientationPortrait UIInterfaceOrientationLandscapeLeft UIInterfaceOrientationLandscapeRight";
				LD_RUNPATH_SEARCH_PATHS = (
					"$(inherited)",
					"@executable_path/Frameworks",
				);
				MARKETING_VERSION = 1.0;
				PRODUCT_BUNDLE_IDENTIFIER = Axa.HumanoidRobot;
				PRODUCT_NAME = "$(TARGET_NAME)";
				SWIFT_EMIT_LOC_STRINGS = YES;
				SWIFT_VERSION = 5.0;
				TARGETED_DEVICE_FAMILY = "1,2";
			};
			name = Debug;
		};
		5A14E18A2E4EDD07005D5604 /* Release */ = {
			isa = XCBuildConfiguration;
			buildSettings = {
				ASSETCATALOG_COMPILER_APPICON_NAME = AppIcon;
				ASSETCATALOG_COMPILER_GLOBAL_ACCENT_COLOR_NAME = AccentColor;
				CODE_SIGN_STYLE = Automatic;
				CURRENT_PROJECT_VERSION = 1;
				DEVELOPMENT_ASSET_PATHS = "\"HumanoidRobot/Preview Content\"";
				ENABLE_PREVIEWS = YES;
				GENERATE_INFOPLIST_FILE = YES;
				INFOPLIST_KEY_UIApplicationSceneManifest_Generation = YES;
				INFOPLIST_KEY_UIApplicationSupportsIndirectInputEvents = YES;
				INFOPLIST_KEY_UILaunchScreen_Generation = YES;
				INFOPLIST_KEY_UISupportedInterfaceOrientations_iPad = "UIInterfaceOrientationPortrait UIInterfaceOrientationPortraitUpsideDown UIInterfaceOrientationLandscapeLeft UIInterfaceOrientationLandscapeRight";
				INFOPLIST_KEY_UISupportedInterfaceOrientations_iPhone = "UIInterfaceOrientationPortrait UIInterfaceOrientationLandscapeLeft UIInterfaceOrientationLandscapeRight";
				LD_RUNPATH_SEARCH_PATHS = (
					"$(inherited)",
					"@executable_path/Frameworks",
				);
				MARKETING_VERSION = 1.0;
				PRODUCT_BUNDLE_IDENTIFIER = Axa.HumanoidRobot;
				PRODUCT_NAME = "$(TARGET_NAME)";
				SWIFT_EMIT_LOC_STRINGS = YES;
				SWIFT_VERSION = 5.0;
				TARGETED_DEVICE_FAMILY = "1,2";
			};
			name = Release;
		};
		5A14E18C2E4EDD07005D5604 /* Debug */ = {
			isa = XCBuildConfiguration;
			buildSettings = {
				ALWAYS_EMBED_SWIFT_STANDARD_LIBRARIES = YES;
				BUNDLE_LOADER = "$(TEST_HOST)";
				CODE_SIGN_STYLE = Automatic;
				CURRENT_PROJECT_VERSION = 1;
				GENERATE_INFOPLIST_FILE = YES;
				IPHONEOS_DEPLOYMENT_TARGET = 16.4;
				MARKETING_VERSION = 1.0;
				PRODUCT_BUNDLE_IDENTIFIER = Axa.HumanoidRobotTests;
				PRODUCT_NAME = "$(TARGET_NAME)";
				SWIFT_EMIT_LOC_STRINGS = NO;
				SWIFT_VERSION = 5.0;
				TARGETED_DEVICE_FAMILY = "1,2";
				TEST_HOST = "$(BUILT_PRODUCTS_DIR)/HumanoidRobot.app/$(BUNDLE_EXECUTABLE_FOLDER_PATH)/HumanoidRobot";
			};
			name = Debug;
		};
		5A14E18D2E4EDD07005D5604 /* Release */ = {
			isa = XCBuildConfiguration;
			buildSettings = {
				ALWAYS_EMBED_SWIFT_STANDARD_LIBRARIES = YES;
				BUNDLE_LOADER = "$(TEST_HOST)";
				CODE_SIGN_STYLE = Automatic;
				CURRENT_PROJECT_VERSION = 1;
				GENERATE_INFOPLIST_FILE = YES;
				IPHONEOS_DEPLOYMENT_TARGET = 16.4;
				MARKETING_VERSION = 1.0;
				PRODUCT_BUNDLE_IDENTIFIER = Axa.HumanoidRobotTests;
				PRODUCT_NAME = "$(TARGET_NAME)";
				SWIFT_EMIT_LOC_STRINGS = NO;
				SWIFT_VERSION = 5.0;
				TARGETED_DEVICE_FAMILY = "1,2";
				TEST_HOST = "$(BUILT_PRODUCTS_DIR)/HumanoidRobot.app/$(BUNDLE_EXECUTABLE_FOLDER_PATH)/HumanoidRobot";
			};
			name = Release;
		};
		5A14E18F2E4EDD07005D5604 /* Debug */ = {
			isa = XCBuildConfiguration;
			buildSettings = {
				ALWAYS_EMBED_SWIFT_STANDARD_LIBRARIES = YES;
				CODE_SIGN_STYLE = Automatic;
				CURRENT_PROJECT_VERSION = 1;
				GENERATE_INFOPLIST_FILE = YES;
				MARKETING_VERSION = 1.0;
				PRODUCT_BUNDLE_IDENTIFIER = Axa.HumanoidRobotUITests;
				PRODUCT_NAME = "$(TARGET_NAME)";
				SWIFT_EMIT_LOC_STRINGS = NO;
				SWIFT_VERSION = 5.0;
				TARGETED_DEVICE_FAMILY = "1,2";
				TEST_TARGET_NAME = HumanoidRobot;
			};
			name = Debug;
		};
		5A14E1902E4EDD07005D5604 /* Release */ = {
			isa = XCBuildConfiguration;
			buildSettings = {
				ALWAYS_EMBED_SWIFT_STANDARD_LIBRARIES = YES;
				CODE_SIGN_STYLE = Automatic;
				CURRENT_PROJECT_VERSION = 1;
				GENERATE_INFOPLIST_FILE = YES;
				MARKETING_VERSION = 1.0;
				PRODUCT_BUNDLE_IDENTIFIER = Axa.HumanoidRobotUITests;
				PRODUCT_NAME = "$(TARGET_NAME)";
				SWIFT_EMIT_LOC_STRINGS = NO;
				SWIFT_VERSION = 5.0;
				TARGETED_DEVICE_FAMILY = "1,2";
				TEST_TARGET_NAME = HumanoidRobot;
			};
			name = Release;
		};
/* End XCBuildConfiguration section */

/* Begin XCConfigurationList section */
		5A14E15F2E4EDD05005D5604 /* Build configuration list for PBXProject "HumanoidRobot" */ = {
			isa = XCConfigurationList;
			buildConfigurations = (
				5A14E1862E4EDD07005D5604 /* Debug */,
				5A14E1872E4EDD07005D5604 /* Release */,
			);
			defaultConfigurationIsVisible = 0;
			defaultConfigurationName = Release;
		};
		5A14E1882E4EDD07005D5604 /* Build configuration list for PBXNativeTarget "HumanoidRobot" */ = {
			isa = XCConfigurationList;
			buildConfigurations = (
				5A14E1892E4EDD07005D5604 /* Debug */,
				5A14E18A2E4EDD07005D5604 /* Release */,
			);
			defaultConfigurationIsVisible = 0;
			defaultConfigurationName = Release;
		};
		5A14E18B2E4EDD07005D5604 /* Build configuration list for PBXNativeTarget "HumanoidRobotTests" */ = {
			isa = XCConfigurationList;
			buildConfigurations = (
				5A14E18C2E4EDD07005D5604 /* Debug */,
				5A14E18D2E4EDD07005D5604 /* Release */,
			);
			defaultConfigurationIsVisible = 0;
			defaultConfigurationName = Release;
		};
		5A14E18E2E4EDD07005D5604 /* Build configuration list for PBXNativeTarget "HumanoidRobotUITests" */ = {
			isa = XCConfigurationList;
			buildConfigurations = (
				5A14E18F2E4EDD07005D5604 /* Debug */,
				5A14E1902E4EDD07005D5604 /* Release */,
			);
			defaultConfigurationIsVisible = 0;
			defaultConfigurationName = Release;
		};
/* End XCConfigurationList section */
	};
	rootObject = 5A14E15C2E4EDD05005D5604 /* Project object */;
}
